
Microsoft Visual Studio Solution File, Format Version 12.00
# Visual Studio 15
VisualStudioVersion = 15.0.27703.2042
MinimumVisualStudioVersion = 10.0.40219.1
Project("{FAE04EC0-301F-11D3-BF4B-00C04F79EFBC}") = "HotelSystem", "HotelSystem\HotelSystem.csproj", "{9E78553B-FB0D-4F55-BE9E-A76B52E8C637}"
EndProject
Project("{2150E333-8FDC-42A3-9474-1A3956D46DE8}") = "SolutionItems", "SolutionItems", "{E017297D-68E7-4BB0-9954-26080BD7F745}"
	ProjectSection(SolutionItems) = preProject
		README.md = README.md
	EndProjectSection
EndProject
Project("{2150E333-8FDC-42A3-9474-1A3956D46DE8}") = "Modules", "Modules", "{4DA31627-0FDF-46DB-AB22-A56DA331003A}"
EndProject
Project("{FAE04EC0-301F-11D3-BF4B-00C04F79EFBC}") = "HotelSystem.Infrastructure", "HotelSystem.Infrastructure\HotelSystem.Infrastructure.csproj", "{802CC3FC-CB7F-4A7C-9AD0-ED85C9AB59E2}"
EndProject
Project("{FAE04EC0-301F-11D3-BF4B-00C04F79EFBC}") = "Navigation", "NavigationToolbar\Navigation.csproj", "{3BD7211D-80DC-4E70-A4EA-87C2638B2A0C}"
EndProject
Project("{FAE04EC0-301F-11D3-BF4B-00C04F79EFBC}") = "Reservations", "Reservations\Reservations.csproj", "{9A56D723-99B0-447F-9422-740BF3515B7D}"
EndProject
Global
	GlobalSection(SolutionConfigurationPlatforms) = preSolution
		Debug|Any CPU = Debug|Any CPU
		Release|Any CPU = Release|Any CPU
	EndGlobalSection
	GlobalSection(ProjectConfigurationPlatforms) = postSolution
		{9E78553B-FB0D-4F55-BE9E-A76B52E8C637}.Debug|Any CPU.ActiveCfg = Debug|Any CPU
		{9E78553B-FB0D-4F55-BE9E-A76B52E8C637}.Debug|Any CPU.Build.0 = Debug|Any CPU
		{9E78553B-FB0D-4F55-BE9E-A76B52E8C637}.Release|Any CPU.ActiveCfg = Release|Any CPU
		{9E78553B-FB0D-4F55-BE9E-A76B52E8C637}.Release|Any CPU.Build.0 = Release|Any CPU
		{802CC3FC-CB7F-4A7C-9AD0-ED85C9AB59E2}.Debug|Any CPU.ActiveCfg = Debug|Any CPU
		{802CC3FC-CB7F-4A7C-9AD0-ED85C9AB59E2}.Debug|Any CPU.Build.0 = Debug|Any CPU
		{802CC3FC-CB7F-4A7C-9AD0-ED85C9AB59E2}.Release|Any CPU.ActiveCfg = Release|Any CPU
		{802CC3FC-CB7F-4A7C-9AD0-ED85C9AB59E2}.Release|Any CPU.Build.0 = Release|Any CPU
		{3BD7211D-80DC-4E70-A4EA-87C2638B2A0C}.Debug|Any CPU.ActiveCfg = Debug|Any CPU
		{3BD7211D-80DC-4E70-A4EA-87C2638B2A0C}.Debug|Any CPU.Build.0 = Debug|Any CPU
		{3BD7211D-80DC-4E70-A4EA-87C2638B2A0C}.Release|Any CPU.ActiveCfg = Release|Any CPU
		{3BD7211D-80DC-4E70-A4EA-87C2638B2A0C}.Release|Any CPU.Build.0 = Release|Any CPU
		{9A56D723-99B0-447F-9422-740BF3515B7D}.Debug|Any CPU.ActiveCfg = Debug|Any CPU
		{9A56D723-99B0-447F-9422-740BF3515B7D}.Debug|Any CPU.Build.0 = Debug|Any CPU
		{9A56D723-99B0-447F-9422-740BF3515B7D}.Release|Any CPU.ActiveCfg = Release|Any CPU
		{9A56D723-99B0-447F-9422-740BF3515B7D}.Release|Any CPU.Build.0 = Release|Any CPU
	EndGlobalSection
	GlobalSection(SolutionProperties) = preSolution
		HideSolutionNode = FALSE
	EndGlobalSection
	GlobalSection(NestedProjects) = preSolution
		{3BD7211D-80DC-4E70-A4EA-87C2638B2A0C} = {4DA31627-0FDF-46DB-AB22-A56DA331003A}
		{9A56D723-99B0-447F-9422-740BF3515B7D} = {4DA31627-0FDF-46DB-AB22-A56DA331003A}
	EndGlobalSection
	GlobalSection(ExtensibilityGlobals) = postSolution
		SolutionGuid = {7644E921-7090-4584-8C1F-A088DF8B2536}
	EndGlobalSection
EndGlobal
